
Microsoft Visual Studio Solution File, Format Version 12.00
# Visual Studio Version 17
VisualStudioVersion = 17.4.33103.184
MinimumVisualStudioVersion = 10.0.40219.1
Project("{2150E333-8FDC-42A3-9474-1A3956D46DE8}") = "Section2", "Section2", "{3A4EE239-8775-4495-A477-459D6A85279D}"
EndProject
Project("{9A19103F-16F7-4668-BE54-9A1E7A4F7556}") = "Basic", "Baqsic\Basic.csproj", "{8C597D2B-4E1D-4B4A-8282-0289791921DE}"
EndProject
Project("{9A19103F-16F7-4668-BE54-9A1E7A4F7556}") = "MiniProject1", "MiniProject1\MiniProject1.csproj", "{A8AB3450-D7E6-459B-B5A2-6431DD8DFC8A}"
EndProject
Project("{2150E333-8FDC-42A3-9474-1A3956D46DE8}") = "Section4", "Section4", "{D38F8ED2-7F46-49D5-8EF9-351E662E1B95}"
EndProject
Project("{9A19103F-16F7-4668-BE54-9A1E7A4F7556}") = "ContourDetection", "ContourDetection\ContourDetection.csproj", "{A343291D-F05A-4511-9936-C3E34AD89830}"
EndProject
Project("{9A19103F-16F7-4668-BE54-9A1E7A4F7556}") = "ContourDetection1", "ContourDetection1\ContourDetection1.csproj", "{F14DFECB-4298-4D7A-AEC9-CCCB5F8FFB8D}"
EndProject
Project("{9A19103F-16F7-4668-BE54-9A1E7A4F7556}") = "MimiProject2", "MimiProject2\MimiProject2.csproj", "{F6463FCC-20A5-41E2-AE72-9E081491FF03}"
EndProject
Project("{9A19103F-16F7-4668-BE54-9A1E7A4F7556}") = "LineDetection", "LineDetection\LineDetection.csproj", "{9963A9B1-7E6D-401D-9E1F-4B83F77EAE4B}"
EndProject
Project("{FAE04EC0-301F-11D3-BF4B-00C04F79EFBC}") = "CircleDetection", "CircleDetection\CircleDetection.csproj", "{8A779C48-AE23-46CA-9CA2-68D7C70994C2}"
EndProject
Project("{FAE04EC0-301F-11D3-BF4B-00C04F79EFBC}") = "BlobDtection", "BlobDtection\BlobDtection.csproj", "{9F2E6A34-726B-4E23-ABB9-446475F4A6C4}"
EndProject
Project("{FAE04EC0-301F-11D3-BF4B-00C04F79EFBC}") = "MiniProject3", "MiniProject3\MiniProject3.csproj", "{64C39DBD-0A33-48B3-AB57-CE363CFF0B70}"
EndProject
Project("{2150E333-8FDC-42A3-9474-1A3956D46DE8}") = "Section5", "Section5", "{3CE211D5-8546-46F1-8E39-209D986D70E4}"
EndProject
Project("{FAE04EC0-301F-11D3-BF4B-00C04F79EFBC}") = "Miniproject5", "Miniproject5\Miniproject5.csproj", "{4E3EE94F-AF23-48BF-8B85-B46D4E0AD732}"
EndProject
Project("{FAE04EC0-301F-11D3-BF4B-00C04F79EFBC}") = "FindingConrner", "FindingConrner\FindingConrner.csproj", "{5A37AA31-FC71-47EF-B845-A01589504EFD}"
EndProject
Project("{FAE04EC0-301F-11D3-BF4B-00C04F79EFBC}") = "SIFT", "SIFT\SIFT.csproj", "{8A1E6D9C-F843-41B5-9863-93B1522CB15C}"
EndProject
Project("{FAE04EC0-301F-11D3-BF4B-00C04F79EFBC}") = "MiniProject6", "MiniProject6\MiniProject6.csproj", "{408654F7-438D-4DF4-A756-F9D9BEE262F8}"
EndProject
Global
	GlobalSection(SolutionConfigurationPlatforms) = preSolution
		Debug|Any CPU = Debug|Any CPU
		Release|Any CPU = Release|Any CPU
	EndGlobalSection
	GlobalSection(ProjectConfigurationPlatforms) = postSolution
		{8C597D2B-4E1D-4B4A-8282-0289791921DE}.Debug|Any CPU.ActiveCfg = Debug|Any CPU
		{8C597D2B-4E1D-4B4A-8282-0289791921DE}.Debug|Any CPU.Build.0 = Debug|Any CPU
		{8C597D2B-4E1D-4B4A-8282-0289791921DE}.Release|Any CPU.ActiveCfg = Release|Any CPU
		{8C597D2B-4E1D-4B4A-8282-0289791921DE}.Release|Any CPU.Build.0 = Release|Any CPU
		{A8AB3450-D7E6-459B-B5A2-6431DD8DFC8A}.Debug|Any CPU.ActiveCfg = Debug|Any CPU
		{A8AB3450-D7E6-459B-B5A2-6431DD8DFC8A}.Debug|Any CPU.Build.0 = Debug|Any CPU
		{A8AB3450-D7E6-459B-B5A2-6431DD8DFC8A}.Release|Any CPU.ActiveCfg = Release|Any CPU
		{A8AB3450-D7E6-459B-B5A2-6431DD8DFC8A}.Release|Any CPU.Build.0 = Release|Any CPU
		{A343291D-F05A-4511-9936-C3E34AD89830}.Debug|Any CPU.ActiveCfg = Debug|Any CPU
		{A343291D-F05A-4511-9936-C3E34AD89830}.Debug|Any CPU.Build.0 = Debug|Any CPU
		{A343291D-F05A-4511-9936-C3E34AD89830}.Release|Any CPU.ActiveCfg = Release|Any CPU
		{A343291D-F05A-4511-9936-C3E34AD89830}.Release|Any CPU.Build.0 = Release|Any CPU
		{F14DFECB-4298-4D7A-AEC9-CCCB5F8FFB8D}.Debug|Any CPU.ActiveCfg = Debug|Any CPU
		{F14DFECB-4298-4D7A-AEC9-CCCB5F8FFB8D}.Debug|Any CPU.Build.0 = Debug|Any CPU
		{F14DFECB-4298-4D7A-AEC9-CCCB5F8FFB8D}.Release|Any CPU.ActiveCfg = Release|Any CPU
		{F14DFECB-4298-4D7A-AEC9-CCCB5F8FFB8D}.Release|Any CPU.Build.0 = Release|Any CPU
		{F6463FCC-20A5-41E2-AE72-9E081491FF03}.Debug|Any CPU.ActiveCfg = Debug|Any CPU
		{F6463FCC-20A5-41E2-AE72-9E081491FF03}.Debug|Any CPU.Build.0 = Debug|Any CPU
		{F6463FCC-20A5-41E2-AE72-9E081491FF03}.Release|Any CPU.ActiveCfg = Release|Any CPU
		{F6463FCC-20A5-41E2-AE72-9E081491FF03}.Release|Any CPU.Build.0 = Release|Any CPU
		{9963A9B1-7E6D-401D-9E1F-4B83F77EAE4B}.Debug|Any CPU.ActiveCfg = Debug|Any CPU
		{9963A9B1-7E6D-401D-9E1F-4B83F77EAE4B}.Debug|Any CPU.Build.0 = Debug|Any CPU
		{9963A9B1-7E6D-401D-9E1F-4B83F77EAE4B}.Release|Any CPU.ActiveCfg = Release|Any CPU
		{9963A9B1-7E6D-401D-9E1F-4B83F77EAE4B}.Release|Any CPU.Build.0 = Release|Any CPU
		{8A779C48-AE23-46CA-9CA2-68D7C70994C2}.Debug|Any CPU.ActiveCfg = Debug|Any CPU
		{8A779C48-AE23-46CA-9CA2-68D7C70994C2}.Debug|Any CPU.Build.0 = Debug|Any CPU
		{8A779C48-AE23-46CA-9CA2-68D7C70994C2}.Release|Any CPU.ActiveCfg = Release|Any CPU
		{8A779C48-AE23-46CA-9CA2-68D7C70994C2}.Release|Any CPU.Build.0 = Release|Any CPU
		{9F2E6A34-726B-4E23-ABB9-446475F4A6C4}.Debug|Any CPU.ActiveCfg = Debug|Any CPU
		{9F2E6A34-726B-4E23-ABB9-446475F4A6C4}.Debug|Any CPU.Build.0 = Debug|Any CPU
		{9F2E6A34-726B-4E23-ABB9-446475F4A6C4}.Release|Any CPU.ActiveCfg = Release|Any CPU
		{9F2E6A34-726B-4E23-ABB9-446475F4A6C4}.Release|Any CPU.Build.0 = Release|Any CPU
		{64C39DBD-0A33-48B3-AB57-CE363CFF0B70}.Debug|Any CPU.ActiveCfg = Debug|Any CPU
		{64C39DBD-0A33-48B3-AB57-CE363CFF0B70}.Debug|Any CPU.Build.0 = Debug|Any CPU
		{64C39DBD-0A33-48B3-AB57-CE363CFF0B70}.Release|Any CPU.ActiveCfg = Release|Any CPU
		{64C39DBD-0A33-48B3-AB57-CE363CFF0B70}.Release|Any CPU.Build.0 = Release|Any CPU
		{4E3EE94F-AF23-48BF-8B85-B46D4E0AD732}.Debug|Any CPU.ActiveCfg = Debug|Any CPU
		{4E3EE94F-AF23-48BF-8B85-B46D4E0AD732}.Debug|Any CPU.Build.0 = Debug|Any CPU
		{4E3EE94F-AF23-48BF-8B85-B46D4E0AD732}.Release|Any CPU.ActiveCfg = Release|Any CPU
		{4E3EE94F-AF23-48BF-8B85-B46D4E0AD732}.Release|Any CPU.Build.0 = Release|Any CPU
		{5A37AA31-FC71-47EF-B845-A01589504EFD}.Debug|Any CPU.ActiveCfg = Debug|Any CPU
		{5A37AA31-FC71-47EF-B845-A01589504EFD}.Debug|Any CPU.Build.0 = Debug|Any CPU
		{5A37AA31-FC71-47EF-B845-A01589504EFD}.Release|Any CPU.ActiveCfg = Release|Any CPU
		{5A37AA31-FC71-47EF-B845-A01589504EFD}.Release|Any CPU.Build.0 = Release|Any CPU
		{8A1E6D9C-F843-41B5-9863-93B1522CB15C}.Debug|Any CPU.ActiveCfg = Debug|Any CPU
		{8A1E6D9C-F843-41B5-9863-93B1522CB15C}.Debug|Any CPU.Build.0 = Debug|Any CPU
		{8A1E6D9C-F843-41B5-9863-93B1522CB15C}.Release|Any CPU.ActiveCfg = Release|Any CPU
		{8A1E6D9C-F843-41B5-9863-93B1522CB15C}.Release|Any CPU.Build.0 = Release|Any CPU
		{408654F7-438D-4DF4-A756-F9D9BEE262F8}.Debug|Any CPU.ActiveCfg = Debug|Any CPU
		{408654F7-438D-4DF4-A756-F9D9BEE262F8}.Debug|Any CPU.Build.0 = Debug|Any CPU
		{408654F7-438D-4DF4-A756-F9D9BEE262F8}.Release|Any CPU.ActiveCfg = Release|Any CPU
		{408654F7-438D-4DF4-A756-F9D9BEE262F8}.Release|Any CPU.Build.0 = Release|Any CPU
	EndGlobalSection
	GlobalSection(SolutionProperties) = preSolution
		HideSolutionNode = FALSE
	EndGlobalSection
	GlobalSection(NestedProjects) = preSolution
		{8C597D2B-4E1D-4B4A-8282-0289791921DE} = {3A4EE239-8775-4495-A477-459D6A85279D}
		{A8AB3450-D7E6-459B-B5A2-6431DD8DFC8A} = {3A4EE239-8775-4495-A477-459D6A85279D}
		{A343291D-F05A-4511-9936-C3E34AD89830} = {D38F8ED2-7F46-49D5-8EF9-351E662E1B95}
		{F14DFECB-4298-4D7A-AEC9-CCCB5F8FFB8D} = {D38F8ED2-7F46-49D5-8EF9-351E662E1B95}
		{F6463FCC-20A5-41E2-AE72-9E081491FF03} = {D38F8ED2-7F46-49D5-8EF9-351E662E1B95}
		{9963A9B1-7E6D-401D-9E1F-4B83F77EAE4B} = {D38F8ED2-7F46-49D5-8EF9-351E662E1B95}
		{8A779C48-AE23-46CA-9CA2-68D7C70994C2} = {D38F8ED2-7F46-49D5-8EF9-351E662E1B95}
		{9F2E6A34-726B-4E23-ABB9-446475F4A6C4} = {D38F8ED2-7F46-49D5-8EF9-351E662E1B95}
		{64C39DBD-0A33-48B3-AB57-CE363CFF0B70} = {D38F8ED2-7F46-49D5-8EF9-351E662E1B95}
		{4E3EE94F-AF23-48BF-8B85-B46D4E0AD732} = {3CE211D5-8546-46F1-8E39-209D986D70E4}
		{5A37AA31-FC71-47EF-B845-A01589504EFD} = {3CE211D5-8546-46F1-8E39-209D986D70E4}
		{8A1E6D9C-F843-41B5-9863-93B1522CB15C} = {3CE211D5-8546-46F1-8E39-209D986D70E4}
		{408654F7-438D-4DF4-A756-F9D9BEE262F8} = {3CE211D5-8546-46F1-8E39-209D986D70E4}
	EndGlobalSection
	GlobalSection(ExtensibilityGlobals) = postSolution
		SolutionGuid = {2B66A3CF-099A-4B1A-A112-4C69A746353E}
	EndGlobalSection
EndGlobal
